# This file is generated by running "yarn install" inside your project.
# Manual changes might be lost - proceed with caution!

__metadata:
  version: 4

"ephemeral@workspace:ephemeral":
  version: 0.0.0-use.local
  resolution: "ephemeral@workspace:ephemeral"
  languageName: unknown
  linkType: soft

"fsm@workspace:fsm":
  version: 0.0.0-use.local
  resolution: "fsm@workspace:fsm"
  languageName: unknown
  linkType: soft

"go@workspace:.":
  version: 0.0.0-use.local
  resolution: "go@workspace:."
  languageName: unknown
  linkType: soft
